
Microsoft Visual Studio Solution File, Format Version 12.00
# Visual Studio Version 17
VisualStudioVersion = 17.3.32825.248
MinimumVisualStudioVersion = 10.0.40219.1
Project("{FAE04EC0-301F-11D3-BF4B-00C04F79EFBC}") = "Калькулятор инвалида", "Калькулятор инвалида\Калькулятор инвалида.csproj", "{A7453CF0-C4DD-4F9F-947C-6614BA56291D}"
EndProject
Global
	GlobalSection(SolutionConfigurationPlatforms) = preSolution
		Debug|Any CPU = Debug|Any CPU
		Release|Any CPU = Release|Any CPU
	EndGlobalSection
	GlobalSection(ProjectConfigurationPlatforms) = postSolution
		{A7453CF0-C4DD-4F9F-947C-6614BA56291D}.Debug|Any CPU.ActiveCfg = Debug|Any CPU
		{A7453CF0-C4DD-4F9F-947C-6614BA56291D}.Debug|Any CPU.Build.0 = Debug|Any CPU
		{A7453CF0-C4DD-4F9F-947C-6614BA56291D}.Release|Any CPU.ActiveCfg = Release|Any CPU
		{A7453CF0-C4DD-4F9F-947C-6614BA56291D}.Release|Any CPU.Build.0 = Release|Any CPU
	EndGlobalSection
	GlobalSection(SolutionProperties) = preSolution
		HideSolutionNode = FALSE
	EndGlobalSection
	GlobalSection(ExtensibilityGlobals) = postSolution
		SolutionGuid = {9C52DAD7-B94F-441C-8868-42D1728AB6F7}
	EndGlobalSection
EndGlobal
